# THIS IS AN AUTOGENERATED FILE. DO NOT EDIT THIS FILE DIRECTLY.
# yarn lockfile v1


"@lezer/common@^0.15.0", "@lezer/common@^0.15.7":
  version "0.15.12"
  resolved "https://registry.yarnpkg.com/@lezer/common/-/common-0.15.12.tgz#2f21aec551dd5fd7d24eb069f90f54d5bc6ee5e9"
  integrity sha512-edfwCxNLnzq5pBA/yaIhwJ3U3Kz8VAUOTRg0hhxaizaI1N+qxV7EXDv/kLCkLeq2RzSFvxexlaj5Mzfn2kY0Ig==

"@lezer/lr@^0.15.4":
  version "0.15.8"
  resolved "https://registry.yarnpkg.com/@lezer/lr/-/lr-0.15.8.tgz#1564a911e62b0a0f75ca63794a6aa8c5dc63db21"
  integrity sha512-bM6oE6VQZ6hIFxDNKk8bKPa14hqFrV07J/vHGOeiAbJReIaQXmkVb6xQu4MR+JBTLa5arGRyAAjJe1qaQt3Uvg==
  dependencies:
    "@lezer/common" "^0.15.0"

"@lmdb/lmdb-darwin-arm64@2.7.11":
  version "2.7.11"
  resolved "https://registry.yarnpkg.com/@lmdb/lmdb-darwin-arm64/-/lmdb-darwin-arm64-2.7.11.tgz#b717e72f023d4215d14e4c57433c711a53c782cf"
  integrity sha512-r6+vYq2vKzE+vgj/rNVRMwAevq0+ZR9IeMFIqcSga+wMtMdXQ27KqQ7uS99/yXASg29bos7yHP3yk4x6Iio0lw==

"@lmdb/lmdb-darwin-x64@2.7.11":
  version "2.7.11"
  resolved "https://registry.yarnpkg.com/@lmdb/lmdb-darwin-x64/-/lmdb-darwin-x64-2.7.11.tgz#b42898b0742b4a82b8224b742b2d174c449cd170"
  integrity sha512-jhj1aB4K8ycRL1HOQT5OtzlqOq70jxUQEWRN9Gqh3TIDN30dxXtiHi6EWF516tzw6v2+3QqhDMJh8O6DtTGG8Q==

"@lmdb/lmdb-linux-arm64@2.7.11":
  version "2.7.11"
  resolved "https://registry.yarnpkg.com/@lmdb/lmdb-linux-arm64/-/lmdb-linux-arm64-2.7.11.tgz#a8dc8e386d27006cfccbf2a8598290b63d03a9ec"
  integrity sha512-7xGEfPPbmVJWcY2Nzqo11B9Nfxs+BAsiiaY/OcT4aaTDdykKeCjvKMQJA3KXCtZ1AtiC9ljyGLi+BfUwdulY5A==

"@lmdb/lmdb-linux-arm@2.7.11":
  version "2.7.11"
  resolved "https://registry.yarnpkg.com/@lmdb/lmdb-linux-arm/-/lmdb-linux-arm-2.7.11.tgz#2103f48af28336efccaac008fe882dfce33e4ac5"
  integrity sha512-dHfLFVSrw/v5X5lkwp0Vl7+NFpEeEYKfMG2DpdFJnnG1RgHQZngZxCaBagFoaJGykRpd2DYF1AeuXBFrAUAXfw==

"@lmdb/lmdb-linux-x64@2.7.11":
  version "2.7.11"
  resolved "https://registry.yarnpkg.com/@lmdb/lmdb-linux-x64/-/lmdb-linux-x64-2.7.11.tgz#d21ac368022a662610540f2ba8bb6ff0b96a9940"
  integrity sha512-vUKI3JrREMQsXX8q0Eq5zX2FlYCKWMmLiCyyJNfZK0Uyf14RBg9VtB3ObQ41b4swYh2EWaltasWVe93Y8+KDng==

"@lmdb/lmdb-win32-x64@2.7.11":
  version "2.7.11"
  resolved "https://registry.yarnpkg.com/@lmdb/lmdb-win32-x64/-/lmdb-win32-x64-2.7.11.tgz#af2cb4ae6d3a92ecdeb1503b73079417525476d2"
  integrity sha512-BJwkHlSUgtB+Ei52Ai32M1AOMerSlzyIGA/KC4dAGL+GGwVMdwG8HGCOA2TxP3KjhbgDPMYkv7bt/NmOmRIFng==

"@mischnic/json-sourcemap@^0.1.0":
  version "0.1.0"
  resolved "https://registry.yarnpkg.com/@mischnic/json-sourcemap/-/json-sourcemap-0.1.0.tgz#38af657be4108140a548638267d02a2ea3336507"
  integrity sha512-dQb3QnfNqmQNYA4nFSN/uLaByIic58gOXq4Y4XqLOWmOrw73KmJPt/HLyG0wvn1bnR6mBKs/Uwvkh+Hns1T0XA==
  dependencies:
    "@lezer/common" "^0.15.7"
    "@lezer/lr" "^0.15.4"
    json5 "^2.2.1"

"@msgpackr-extract/msgpackr-extract-darwin-arm64@3.0.2":
  version "3.0.2"
  resolved "https://registry.yarnpkg.com/@msgpackr-extract/msgpackr-extract-darwin-arm64/-/msgpackr-extract-darwin-arm64-3.0.2.tgz#44d752c1a2dc113f15f781b7cc4f53a307e3fa38"
  integrity sha512-9bfjwDxIDWmmOKusUcqdS4Rw+SETlp9Dy39Xui9BEGEk19dDwH0jhipwFzEff/pFg95NKymc6TOTbRKcWeRqyQ==

"@msgpackr-extract/msgpackr-extract-darwin-x64@3.0.2":
  version "3.0.2"
  resolved "https://registry.yarnpkg.com/@msgpackr-extract/msgpackr-extract-darwin-x64/-/msgpackr-extract-darwin-x64-3.0.2.tgz#f954f34355712212a8e06c465bc06c40852c6bb3"
  integrity sha512-lwriRAHm1Yg4iDf23Oxm9n/t5Zpw1lVnxYU3HnJPTi2lJRkKTrps1KVgvL6m7WvmhYVt/FIsssWay+k45QHeuw==

"@msgpackr-extract/msgpackr-extract-linux-arm64@3.0.2":
  version "3.0.2"
  resolved "https://registry.yarnpkg.com/@msgpackr-extract/msgpackr-extract-linux-arm64/-/msgpackr-extract-linux-arm64-3.0.2.tgz#45c63037f045c2b15c44f80f0393fa24f9655367"
  integrity sha512-FU20Bo66/f7He9Fp9sP2zaJ1Q8L9uLPZQDub/WlUip78JlPeMbVL8546HbZfcW9LNciEXc8d+tThSJjSC+tmsg==

"@msgpackr-extract/msgpackr-extract-linux-arm@3.0.2":
  version "3.0.2"
  resolved "https://registry.yarnpkg.com/@msgpackr-extract/msgpackr-extract-linux-arm/-/msgpackr-extract-linux-arm-3.0.2.tgz#35707efeafe6d22b3f373caf9e8775e8920d1399"
  integrity sha512-MOI9Dlfrpi2Cuc7i5dXdxPbFIgbDBGgKR5F2yWEa6FVEtSWncfVNKW5AKjImAQ6CZlBK9tympdsZJ2xThBiWWA==

"@msgpackr-extract/msgpackr-extract-linux-x64@3.0.2":
  version "3.0.2"
  resolved "https://registry.yarnpkg.com/@msgpackr-extract/msgpackr-extract-linux-x64/-/msgpackr-extract-linux-x64-3.0.2.tgz#091b1218b66c341f532611477ef89e83f25fae4f"
  integrity sha512-gsWNDCklNy7Ajk0vBBf9jEx04RUxuDQfBse918Ww+Qb9HCPoGzS+XJTLe96iN3BVK7grnLiYghP/M4L8VsaHeA==

"@msgpackr-extract/msgpackr-extract-win32-x64@3.0.2":
  version "3.0.2"
  resolved "https://registry.yarnpkg.com/@msgpackr-extract/msgpackr-extract-win32-x64/-/msgpackr-extract-win32-x64-3.0.2.tgz#0f164b726869f71da3c594171df5ebc1c4b0a407"
  integrity sha512-O+6Gs8UeDbyFpbSh2CPEz/UOrrdWPTBYNblZK5CxxLisYt4kGX3Sc+czffFonyjiGSq3jWLwJS/CCJc7tBr4sQ==

"@parcel/cache@2.9.1":
  version "2.9.1"
  resolved "https://registry.yarnpkg.com/@parcel/cache/-/cache-2.9.1.tgz#feb9191306e20fd9bc6f228138e2508cc276485d"
  integrity sha512-2aFWUAi7vkcnIdfOw3oW/vhgvwv9MPb+LjmJSkE59nNUuSJe83jJFAPAhqQTHd9L3kX/Xk+xJBNYNubUq/Cieg==
  dependencies:
    "@parcel/fs" "2.9.1"
    "@parcel/logger" "2.9.1"
    "@parcel/utils" "2.9.1"
    lmdb "2.7.11"

"@parcel/codeframe@2.9.1":
  version "2.9.1"
  resolved "https://registry.yarnpkg.com/@parcel/codeframe/-/codeframe-2.9.1.tgz#ffd4dcba0f28ca95d04962abec8ff7d625b413c4"
  integrity sha512-qLVIyEHuZq8wWYaXVAwxMzlK3QqWlaB5fUSe1n+kITEa9EEwb2WPmysYAsWiVaFdD62A0+1klJ8Sq9gapOMIng==
  dependencies:
    chalk "^4.1.0"

"@parcel/diagnostic@2.9.1":
  version "2.9.1"
  resolved "https://registry.yarnpkg.com/@parcel/diagnostic/-/diagnostic-2.9.1.tgz#8fe5bdba1accb2b72151976fb66b65e9ef4418af"
  integrity sha512-LM+w4maoAsjcL+javaHw9B9oEQoLdg/fMCNbuTmAKpQWi16hfNkr4+xz7AxxwL3dCcL7uuvVgoUOUubwxWNLAA==
  dependencies:
    "@mischnic/json-sourcemap" "^0.1.0"
    nullthrows "^1.1.1"

"@parcel/events@2.9.1":
  version "2.9.1"
  resolved "https://registry.yarnpkg.com/@parcel/events/-/events-2.9.1.tgz#8aa2a4477a8dbc679bafbca45dced63cdf58ed34"
  integrity sha512-tga4FiJB1TC4iOKBK66e9zXpcDFXvJhXmsgOMsgSTM6uCZMXeGaYEixHNlPDs3HTfg17qAmHHlhfgPBbku/aOg==

"@parcel/fs-search@2.9.1":
  version "2.9.1"
  resolved "https://registry.yarnpkg.com/@parcel/fs-search/-/fs-search-2.9.1.tgz#e8e2a839f23a34d74971036b50553346f1cb6ce1"
  integrity sha512-F7SkVsMb5XYcWmeptLz5D3g76Raed3dmNulJMrWIECP8lJ1LUcCExQId7NsdeCfRbNRwaf84gdsjc/1GKM/QYg==

"@parcel/fs@2.9.1":
  version "2.9.1"
  resolved "https://registry.yarnpkg.com/@parcel/fs/-/fs-2.9.1.tgz#8bcf0a9b6728abc12392a2831b8d87d9537126db"
  integrity sha512-F/GRHtHN4AuTauadsq/UQ1OSpLBLAS/96Sv1x09/AKZxNlZ2UzWExoYEhSkVM5smKVzSnx8XP9OqABcHcZwOLQ==
  dependencies:
    "@parcel/fs-search" "2.9.1"
    "@parcel/types" "2.9.1"
    "@parcel/utils" "2.9.1"
    "@parcel/watcher" "^2.0.7"
    "@parcel/workers" "2.9.1"

"@parcel/hash@2.9.1":
  version "2.9.1"
  resolved "https://registry.yarnpkg.com/@parcel/hash/-/hash-2.9.1.tgz#6654bc83cc3692f2872b168d47e6762a29e8988b"
  integrity sha512-fiqAIi/23h5tnH5W7DRTwOhfRPhadHvI7hYoG8YFGvnFxSQ/XCnOID0B0/vNhaluICSPeFcedjAmDVdqY6/X7w==
  dependencies:
    xxhash-wasm "^0.4.2"

"@parcel/logger@2.9.1":
  version "2.9.1"
  resolved "https://registry.yarnpkg.com/@parcel/logger/-/logger-2.9.1.tgz#445f266780d0000d87626b390bb94b0cf096ed55"
  integrity sha512-wUH9ShrRr3RwNa75ymegDIAdJiY3dGB7HCgIP6VOOc2CGyGA2DJKbbYGfw5mkl3DV8lUV+dYsWYMGXZhInAQCQ==
  dependencies:
    "@parcel/diagnostic" "2.9.1"
    "@parcel/events" "2.9.1"

"@parcel/markdown-ansi@2.9.1":
  version "2.9.1"
  resolved "https://registry.yarnpkg.com/@parcel/markdown-ansi/-/markdown-ansi-2.9.1.tgz#b5fe0a5bdb951748fc77f3fd3896c69511d8d03d"
  integrity sha512-FpOz2ltnKnm6QaQCdcpuAEwGuScVUq0ixT/QAmU7A3/cwlsoxqMkB2XeWYIVTjs7p7Bsu0Ctdid/6pdtP7ghpg==
  dependencies:
    chalk "^4.1.0"

"@parcel/node-resolver-core@3.0.1":
  version "3.0.1"
  resolved "https://registry.yarnpkg.com/@parcel/node-resolver-core/-/node-resolver-core-3.0.1.tgz#2a25ffdcefb01bc7537d5ab29886109a5ba7ecb7"
  integrity sha512-4owokOoHCONeazQGndB4PkIaUhZfyWuCT7Sx4UJc2UhR1V82MlahHrT2ItT0pkQyKWwCSNgHdBgdKUgKRdIiAw==
  dependencies:
    "@mischnic/json-sourcemap" "^0.1.0"
    "@parcel/diagnostic" "2.9.1"
    "@parcel/fs" "2.9.1"
    "@parcel/utils" "2.9.1"
    nullthrows "^1.1.1"
    semver "^5.7.1"

"@parcel/package-manager@2.9.1":
  version "2.9.1"
  resolved "https://registry.yarnpkg.com/@parcel/package-manager/-/package-manager-2.9.1.tgz#3eed15d33489ef5f3089d11384916789275d6739"
  integrity sha512-cTUBUPRm62770Vw4YG5WGlkFxJII320nSobbP0TMggE/CGXg3ru2pvvX6WqXTFAHeM/z78xTPDq0NP97DBp5Ow==
  dependencies:
    "@parcel/diagnostic" "2.9.1"
    "@parcel/fs" "2.9.1"
    "@parcel/logger" "2.9.1"
    "@parcel/node-resolver-core" "3.0.1"
    "@parcel/types" "2.9.1"
    "@parcel/utils" "2.9.1"
    "@parcel/workers" "2.9.1"
    semver "^5.7.1"

"@parcel/plugin@2.9.1":
  version "2.9.1"
  resolved "https://registry.yarnpkg.com/@parcel/plugin/-/plugin-2.9.1.tgz#9ce68ebe2e568606d8b61b1f3540c2747cf91bee"
  integrity sha512-kD+BNkPGRcxZZUKhAXqF/bilUMhXUlf/ZixVlBS5rEsUB1yx/Ze8c4ypaKr5WsEwv34C+X4p4WFYdZVJEr3Y+g==
  dependencies:
    "@parcel/types" "2.9.1"

"@parcel/profiler@2.9.1":
  version "2.9.1"
  resolved "https://registry.yarnpkg.com/@parcel/profiler/-/profiler-2.9.1.tgz#12a8928a2f15356b42cdfe2939083e3e15aba5f7"
  integrity sha512-hrptwbh9uUxnWHAAXiZ6BtpM74cU+VfrOWgnmUA8pkYWBmrb2wSLeqRKl8FiSt+nfRTTbNAIlmn9vk2x+wRNOA==
  dependencies:
    "@parcel/diagnostic" "2.9.1"
    "@parcel/events" "2.9.1"
    chrome-trace-event "^1.0.2"

"@parcel/source-map@^2.1.1":
  version "2.1.1"
  resolved "https://registry.yarnpkg.com/@parcel/source-map/-/source-map-2.1.1.tgz#fb193b82dba6dd62cc7a76b326f57bb35000a782"
  integrity sha512-Ejx1P/mj+kMjQb8/y5XxDUn4reGdr+WyKYloBljpppUy8gs42T+BNoEOuRYqDVdgPc6NxduzIDoJS9pOFfV5Ew==
  dependencies:
    detect-libc "^1.0.3"

"@parcel/types@2.9.1":
  version "2.9.1"
  resolved "https://registry.yarnpkg.com/@parcel/types/-/types-2.9.1.tgz#6d79b5b6459119e58aac734adf2c3c4a261b983f"
  integrity sha512-LBx4Tvr1sK9t+FmPjS4jPvcmUcJo6co22sn0pBuz2oXISs/YK2N+3ZHXL+KsozKvLn2wXysgaWFIARN9xFoORw==
  dependencies:
    "@parcel/cache" "2.9.1"
    "@parcel/diagnostic" "2.9.1"
    "@parcel/fs" "2.9.1"
    "@parcel/package-manager" "2.9.1"
    "@parcel/source-map" "^2.1.1"
    "@parcel/workers" "2.9.1"
    utility-types "^3.10.0"

"@parcel/utils@2.9.1":
  version "2.9.1"
  resolved "https://registry.yarnpkg.com/@parcel/utils/-/utils-2.9.1.tgz#2ecec9b17ce880b1768c2956545e18af3e63b791"
  integrity sha512-0P/zIvtvLyuzQA4VFMzA8F22lrUyGR+phve/NlBUH+4Tn+Rt/evh9fP9vG1YTVMXWd90tesLdrtqatm1hqrJSA==
  dependencies:
    "@parcel/codeframe" "2.9.1"
    "@parcel/diagnostic" "2.9.1"
    "@parcel/hash" "2.9.1"
    "@parcel/logger" "2.9.1"
    "@parcel/markdown-ansi" "2.9.1"
    "@parcel/source-map" "^2.1.1"
    chalk "^4.1.0"
    nullthrows "^1.1.1"

"@parcel/watcher@^2.0.7":
  version "2.0.7"
  resolved "https://registry.yarnpkg.com/@parcel/watcher/-/watcher-2.0.7.tgz#c95fe1370e8c6237cb9729c9c075264acc7e21a5"
  integrity sha512-gc3hoS6e+2XdIQ4HHljDB1l0Yx2EWh/sBBtCEFNKGSMlwASWeAQsOY/fPbxOBcZ/pg0jBh4Ga+4xHlZc4faAEQ==
  dependencies:
    node-addon-api "^3.2.1"
    node-gyp-build "^4.3.0"

"@parcel/workers@2.9.1":
  version "2.9.1"
  resolved "https://registry.yarnpkg.com/@parcel/workers/-/workers-2.9.1.tgz#a6962f0b8a53d59ebb4de21ce5e8f49b12bf69ce"
  integrity sha512-24R4IRMX8TBghak6pDCzM5B8NB4LTt0pI4dwNqSENyZA/Q5s/xMbG5gdn4aTwkAyIQ5lHrgDsHzoHbjOT0HLYQ==
  dependencies:
    "@parcel/diagnostic" "2.9.1"
    "@parcel/logger" "2.9.1"
    "@parcel/profiler" "2.9.1"
    "@parcel/types" "2.9.1"
    "@parcel/utils" "2.9.1"
    nullthrows "^1.1.1"

abab@^2.0.6:
  version "2.0.6"
  resolved "https://registry.yarnpkg.com/abab/-/abab-2.0.6.tgz#41b80f2c871d19686216b82309231cfd3cb3d291"
  integrity sha512-j2afSsaIENvHZN2B8GOpF566vZ5WVk5opAiMTvWgaQT8DkbOqsTfvNAvHoRGU2zzP8cPoqys+xHTRDWW8L+/BA==

ansi-styles@^4.1.0:
  version "4.3.0"
  resolved "https://registry.yarnpkg.com/ansi-styles/-/ansi-styles-4.3.0.tgz#edd803628ae71c04c85ae7a0906edad34b648937"
  integrity sha512-zbB9rCJAT1rbjiVDb2hqKFHNYLxgtk8NURxZ3IZwD3F6NtxbXZQCnnSi1Lkx+IDohdPlFp222wVALIheZJQSEg==
  dependencies:
    color-convert "^2.0.1"

chalk@^4.1.0:
  version "4.1.2"
  resolved "https://registry.yarnpkg.com/chalk/-/chalk-4.1.2.tgz#aac4e2b7734a740867aeb16bf02aad556a1e7a01"
  integrity sha512-oKnbhFyRIXpUuez8iBMmyEa4nbj4IOQyuhc/wy9kY7/WVPcwIO9VA668Pu8RkO7+0G76SLROeyw9CpQ061i4mA==
  dependencies:
    ansi-styles "^4.1.0"
    supports-color "^7.1.0"

chrome-trace-event@^1.0.2:
  version "1.0.3"
  resolved "https://registry.yarnpkg.com/chrome-trace-event/-/chrome-trace-event-1.0.3.tgz#1015eced4741e15d06664a957dbbf50d041e26ac"
  integrity sha512-p3KULyQg4S7NIHixdwbGX+nFHkoBiA4YQmyWtjb8XngSKV124nJmRysgAeujbUVb15vh+RvFUfCPqU7rXk+hZg==

color-convert@^2.0.1:
  version "2.0.1"
  resolved "https://registry.yarnpkg.com/color-convert/-/color-convert-2.0.1.tgz#72d3a68d598c9bdb3af2ad1e84f21d896abd4de3"
  integrity sha512-RRECPsj7iu/xb5oKYcsFHSppFNnsj/52OVTRKb4zP5onXwVF3zVmmToNcOfGC+CRDpfK/U584fMg38ZHCaElKQ==
  dependencies:
    color-name "~1.1.4"

color-name@~1.1.4:
  version "1.1.4"
  resolved "https://registry.yarnpkg.com/color-name/-/color-name-1.1.4.tgz#c2a09a87acbde69543de6f63fa3995c826c536a2"
  integrity sha512-dOy+3AuW3a2wNbZHIuMZpTcgjGuLU/uBL/ubcZF9OXbDo8ff4O8yVp5Bf0efS8uEoYo5q4Fx7dY9OgQGXgAsQA==

data-urls@4.0.0:
  version "4.0.0"
  resolved "https://registry.yarnpkg.com/data-urls/-/data-urls-4.0.0.tgz#333a454eca6f9a5b7b0f1013ff89074c3f522dd4"
  integrity sha512-/mMTei/JXPqvFqQtfyTowxmJVwr2PVAeCcDxyFf6LhoOu/09TX2OX3kb2wzi4DMXcfj4OItwDOnhl5oziPnT6g==
  dependencies:
    abab "^2.0.6"
    whatwg-mimetype "^3.0.0"
    whatwg-url "^12.0.0"

detect-libc@^1.0.3:
  version "1.0.3"
  resolved "https://registry.yarnpkg.com/detect-libc/-/detect-libc-1.0.3.tgz#fa137c4bd698edf55cd5cd02ac559f91a4c4ba9b"
  integrity sha512-pGjwhsmsp4kL2RTz08wcOlGN83otlqHeD/Z5T8GXZB+/YcpQ/dgo+lbU8ZsGxV0HIvqqxo9l7mqYwyYMD9bKDg==

has-flag@^4.0.0:
  version "4.0.0"
  resolved "https://registry.yarnpkg.com/has-flag/-/has-flag-4.0.0.tgz#944771fd9c81c81265c4d6941860da06bb59479b"
  integrity sha512-EykJT/Q1KjTWctppgIAgfSO0tKVuZUjhgMr17kqTumMl6Afv3EISleU7qZUzoXDFTAHTDC4NOoG/ZxU3EvlMPQ==

json5@^2.2.1:
  version "2.2.1"
  resolved "https://registry.yarnpkg.com/json5/-/json5-2.2.1.tgz#655d50ed1e6f95ad1a3caababd2b0efda10b395c"
  integrity sha512-1hqLFMSrGHRHxav9q9gNjJ5EXznIxGVO09xQRrwplcS8qs28pZ8s8hupZAmqDwZUmVZ2Qb2jnyPOWcDH8m8dlA==

lmdb@2.7.11:
  version "2.7.11"
  resolved "https://registry.yarnpkg.com/lmdb/-/lmdb-2.7.11.tgz#a24b6d36b5c7ed9889cc2d9e103fdd3f5e144d7e"
  integrity sha512-x9bD4hVp7PFLUoELL8RglbNXhAMt5CYhkmss+CEau9KlNoilsTzNi9QDsPZb3KMpOGZXG6jmXhW3bBxE2XVztw==
  dependencies:
    msgpackr "1.8.5"
    node-addon-api "^4.3.0"
    node-gyp-build-optional-packages "5.0.6"
    ordered-binary "^1.4.0"
    weak-lru-cache "^1.2.2"
  optionalDependencies:
    "@lmdb/lmdb-darwin-arm64" "2.7.11"
    "@lmdb/lmdb-darwin-x64" "2.7.11"
    "@lmdb/lmdb-linux-arm" "2.7.11"
    "@lmdb/lmdb-linux-arm64" "2.7.11"
    "@lmdb/lmdb-linux-x64" "2.7.11"
    "@lmdb/lmdb-win32-x64" "2.7.11"

msgpackr-extract@^3.0.1:
  version "3.0.2"
  resolved "https://registry.yarnpkg.com/msgpackr-extract/-/msgpackr-extract-3.0.2.tgz#e05ec1bb4453ddf020551bcd5daaf0092a2c279d"
  integrity sha512-SdzXp4kD/Qf8agZ9+iTu6eql0m3kWm1A2y1hkpTeVNENutaB0BwHlSvAIaMxwntmRUAUjon2V4L8Z/njd0Ct8A==
  dependencies:
    node-gyp-build-optional-packages "5.0.7"
  optionalDependencies:
    "@msgpackr-extract/msgpackr-extract-darwin-arm64" "3.0.2"
    "@msgpackr-extract/msgpackr-extract-darwin-x64" "3.0.2"
    "@msgpackr-extract/msgpackr-extract-linux-arm" "3.0.2"
    "@msgpackr-extract/msgpackr-extract-linux-arm64" "3.0.2"
    "@msgpackr-extract/msgpackr-extract-linux-x64" "3.0.2"
    "@msgpackr-extract/msgpackr-extract-win32-x64" "3.0.2"

msgpackr@1.8.5:
  version "1.8.5"
  resolved "https://registry.yarnpkg.com/msgpackr/-/msgpackr-1.8.5.tgz#8cadfb935357680648f33699d0e833c9179dbfeb"
  integrity sha512-mpPs3qqTug6ahbblkThoUY2DQdNXcm4IapwOS3Vm/87vmpzLVelvp9h3It1y9l1VPpiFLV11vfOXnmeEwiIXwg==
  optionalDependencies:
    msgpackr-extract "^3.0.1"

node-addon-api@^3.2.1:
  version "3.2.1"
  resolved "https://registry.yarnpkg.com/node-addon-api/-/node-addon-api-3.2.1.tgz#81325e0a2117789c0128dab65e7e38f07ceba161"
  integrity sha512-mmcei9JghVNDYydghQmeDX8KoAm0FAiYyIcUt/N4nhyAipB17pllZQDOJD2fotxABnt4Mdz+dKTO7eftLg4d0A==

node-addon-api@^4.3.0:
  version "4.3.0"
  resolved "https://registry.yarnpkg.com/node-addon-api/-/node-addon-api-4.3.0.tgz#52a1a0b475193e0928e98e0426a0d1254782b77f"
  integrity sha512-73sE9+3UaLYYFmDsFZnqCInzPyh3MqIwZO9cw58yIqAZhONrrabrYyYe3TuIqtIiOuTXVhsGau8hcrhhwSsDIQ==

node-gyp-build-optional-packages@5.0.6:
  version "5.0.6"
  resolved "https://registry.yarnpkg.com/node-gyp-build-optional-packages/-/node-gyp-build-optional-packages-5.0.6.tgz#2949f5cc7dace3ac470fa2ff1a37456907120a1d"
  integrity sha512-2ZJErHG4du9G3/8IWl/l9Bp5BBFy63rno5GVmjQijvTuUZKsl6g8RB4KH/x3NLcV5ZBb4GsXmAuTYr6dRml3Gw==

node-gyp-build-optional-packages@5.0.7:
  version "5.0.7"
  resolved "https://registry.yarnpkg.com/node-gyp-build-optional-packages/-/node-gyp-build-optional-packages-5.0.7.tgz#5d2632bbde0ab2f6e22f1bbac2199b07244ae0b3"
  integrity sha512-YlCCc6Wffkx0kHkmam79GKvDQ6x+QZkMjFGrIMxgFNILFvGSbCp2fCBC55pGTT9gVaz8Na5CLmxt/urtzRv36w==

node-gyp-build@^4.3.0:
  version "4.5.0"
  resolved "https://registry.yarnpkg.com/node-gyp-build/-/node-gyp-build-4.5.0.tgz#7a64eefa0b21112f89f58379da128ac177f20e40"
  integrity sha512-2iGbaQBV+ITgCz76ZEjmhUKAKVf7xfY1sRl4UiKQspfZMH2h06SyhNsnSVy50cwkFQDGLyif6m/6uFXHkOZ6rg==

nullthrows@^1.1.1:
  version "1.1.1"
  resolved "https://registry.yarnpkg.com/nullthrows/-/nullthrows-1.1.1.tgz#7818258843856ae971eae4208ad7d7eb19a431b1"
  integrity sha512-2vPPEi+Z7WqML2jZYddDIfy5Dqb0r2fze2zTxNNknZaFpVHU3mFB3R+DWeJWGVx0ecvttSGlJTI+WG+8Z4cDWw==

ordered-binary@^1.4.0:
  version "1.4.0"
  resolved "https://registry.yarnpkg.com/ordered-binary/-/ordered-binary-1.4.0.tgz#6bb53d44925f3b8afc33d1eed0fa15693b211389"
  integrity sha512-EHQ/jk4/a9hLupIKxTfUsQRej1Yd/0QLQs3vGvIqg5ZtCYSzNhkzHoZc7Zf4e4kUlDaC3Uw8Q/1opOLNN2OKRQ==

punycode@^2.1.1:
  version "2.1.1"
  resolved "https://registry.yarnpkg.com/punycode/-/punycode-2.1.1.tgz#b58b010ac40c22c5657616c8d2c2c02c7bf479ec"
  integrity sha512-XRsRjdf+j5ml+y/6GKHPZbrF/8p2Yga0JPtdqTIY2Xe5ohJPD9saDJJLPvp9+NSBprVvevdXZybnj2cv8OEd0A==

semver@^5.7.1:
  version "5.7.1"
  resolved "https://registry.yarnpkg.com/semver/-/semver-5.7.1.tgz#a954f931aeba508d307bbf069eff0c01c96116f7"
  integrity sha512-sauaDf/PZdVgrLTNYHRtpXa1iRiKcaebiKQ1BJdpQlWH2lCvexQdX55snPFyK7QzpudqbCI0qXFfOasHdyNDGQ==

supports-color@^7.1.0:
  version "7.2.0"
  resolved "https://registry.yarnpkg.com/supports-color/-/supports-color-7.2.0.tgz#1b7dcdcb32b8138801b3e478ba6a51caa89648da"
  integrity sha512-qpCAvRl9stuOHveKsn7HncJRvv501qIacKzQlO/+Lwxc9+0q2wLyv4Dfvt80/DPn2pqOBsJdDiogXGR9+OvwRw==
  dependencies:
    has-flag "^4.0.0"

tr46@^3.0.0:
  version "3.0.0"
  resolved "https://registry.yarnpkg.com/tr46/-/tr46-3.0.0.tgz#555c4e297a950617e8eeddef633c87d4d9d6cbf9"
  integrity sha512-l7FvfAHlcmulp8kr+flpQZmVwtu7nfRV7NZujtN0OqES8EL4O4e0qqzL0DC5gAvx/ZC/9lk6rhcUwYvkBnBnYA==
  dependencies:
    punycode "^2.1.1"

utility-types@^3.10.0:
  version "3.10.0"
  resolved "https://registry.yarnpkg.com/utility-types/-/utility-types-3.10.0.tgz#ea4148f9a741015f05ed74fd615e1d20e6bed82b"
  integrity sha512-O11mqxmi7wMKCo6HKFt5AhO4BwY3VV68YU07tgxfz8zJTIxr4BpsezN49Ffwy9j3ZpwwJp4fkRwjRzq3uWE6Rg==

weak-lru-cache@^1.2.2:
  version "1.2.2"
  resolved "https://registry.yarnpkg.com/weak-lru-cache/-/weak-lru-cache-1.2.2.tgz#fdbb6741f36bae9540d12f480ce8254060dccd19"
  integrity sha512-DEAoo25RfSYMuTGc9vPJzZcZullwIqRDSI9LOy+fkCJPi6hykCnfKaXTuPBDuXAUcqHXyOgFtHNp/kB2FjYHbw==

webidl-conversions@^7.0.0:
  version "7.0.0"
  resolved "https://registry.yarnpkg.com/webidl-conversions/-/webidl-conversions-7.0.0.tgz#256b4e1882be7debbf01d05f0aa2039778ea080a"
  integrity sha512-VwddBukDzu71offAQR975unBIGqfKZpM+8ZX6ySk8nYhVoo5CYaZyzt3YBvYtRtO+aoGlqxPg/B87NGVZ/fu6g==

whatwg-mimetype@^3.0.0:
  version "3.0.0"
  resolved "https://registry.yarnpkg.com/whatwg-mimetype/-/whatwg-mimetype-3.0.0.tgz#5fa1a7623867ff1af6ca3dc72ad6b8a4208beba7"
  integrity sha512-nt+N2dzIutVRxARx1nghPKGv1xHikU7HKdfafKkLNLindmPU/ch3U31NOCGGA/dmPcmb1VlofO0vnKAcsm0o/Q==

whatwg-url@^12.0.0:
  version "12.0.0"
  resolved "https://registry.yarnpkg.com/whatwg-url/-/whatwg-url-12.0.0.tgz#cf5798db0f8036de3fffabbcf92180d313811710"
  integrity sha512-N2SCrbcSPw0gDyNqE+y5qH1gqiOe+HagWfgRJy2SmDO3C23mISmJhQ3zvZljBv2DWfBdLXypAtecWYZ+mg1krQ==
  dependencies:
    tr46 "^3.0.0"
    webidl-conversions "^7.0.0"

xxhash-wasm@^0.4.2:
  version "0.4.2"
  resolved "https://registry.yarnpkg.com/xxhash-wasm/-/xxhash-wasm-0.4.2.tgz#752398c131a4dd407b5132ba62ad372029be6f79"
  integrity sha512-/eyHVRJQCirEkSZ1agRSCwriMhwlyUcFkXD5TPVSLP+IPzjsqMVzZwdoczLp1SoQU0R3dxz1RpIK+4YNQbCVOA==
