# THIS IS AN AUTOGENERATED FILE. DO NOT EDIT THIS FILE DIRECTLY.
# yarn lockfile v1


"@lezer/common@^0.15.0", "@lezer/common@^0.15.7":
  version "0.15.12"
  resolved "https://registry.yarnpkg.com/@lezer/common/-/common-0.15.12.tgz#2f21aec551dd5fd7d24eb069f90f54d5bc6ee5e9"
  integrity sha512-edfwCxNLnzq5pBA/yaIhwJ3U3Kz8VAUOTRg0hhxaizaI1N+qxV7EXDv/kLCkLeq2RzSFvxexlaj5Mzfn2kY0Ig==

"@lezer/lr@^0.15.4":
  version "0.15.8"
  resolved "https://registry.yarnpkg.com/@lezer/lr/-/lr-0.15.8.tgz#1564a911e62b0a0f75ca63794a6aa8c5dc63db21"
  integrity sha512-bM6oE6VQZ6hIFxDNKk8bKPa14hqFrV07J/vHGOeiAbJReIaQXmkVb6xQu4MR+JBTLa5arGRyAAjJe1qaQt3Uvg==
  dependencies:
    "@lezer/common" "^0.15.0"

"@lmdb/lmdb-darwin-arm64@2.8.5":
  version "2.8.5"
  resolved "https://registry.yarnpkg.com/@lmdb/lmdb-darwin-arm64/-/lmdb-darwin-arm64-2.8.5.tgz#895d8cb16a9d709ce5fedd8b60022903b875e08e"
  integrity sha512-KPDeVScZgA1oq0CiPBcOa3kHIqU+pTOwRFDIhxvmf8CTNvqdZQYp5cCKW0bUk69VygB2PuTiINFWbY78aR2pQw==

"@lmdb/lmdb-darwin-x64@2.8.5":
  version "2.8.5"
  resolved "https://registry.yarnpkg.com/@lmdb/lmdb-darwin-x64/-/lmdb-darwin-x64-2.8.5.tgz#ca243534c8b37d5516c557e4624256d18dd63184"
  integrity sha512-w/sLhN4T7MW1nB3R/U8WK5BgQLz904wh+/SmA2jD8NnF7BLLoUgflCNxOeSPOWp8geP6nP/+VjWzZVip7rZ1ug==

"@lmdb/lmdb-linux-arm64@2.8.5":
  version "2.8.5"
  resolved "https://registry.yarnpkg.com/@lmdb/lmdb-linux-arm64/-/lmdb-linux-arm64-2.8.5.tgz#b44a8023057e21512eefb9f6120096843b531c1e"
  integrity sha512-vtbZRHH5UDlL01TT5jB576Zox3+hdyogvpcbvVJlmU5PdL3c5V7cj1EODdh1CHPksRl+cws/58ugEHi8bcj4Ww==

"@lmdb/lmdb-linux-arm@2.8.5":
  version "2.8.5"
  resolved "https://registry.yarnpkg.com/@lmdb/lmdb-linux-arm/-/lmdb-linux-arm-2.8.5.tgz#17bd54740779c3e4324e78e8f747c21416a84b3d"
  integrity sha512-c0TGMbm2M55pwTDIfkDLB6BpIsgxV4PjYck2HiOX+cy/JWiBXz32lYbarPqejKs9Flm7YVAKSILUducU9g2RVg==

"@lmdb/lmdb-linux-x64@2.8.5":
  version "2.8.5"
  resolved "https://registry.yarnpkg.com/@lmdb/lmdb-linux-x64/-/lmdb-linux-x64-2.8.5.tgz#6c61835b6cc58efdf79dbd5e8c72a38300a90302"
  integrity sha512-Xkc8IUx9aEhP0zvgeKy7IQ3ReX2N8N1L0WPcQwnZweWmOuKfwpS3GRIYqLtK5za/w3E60zhFfNdS+3pBZPytqQ==

"@lmdb/lmdb-win32-x64@2.8.5":
  version "2.8.5"
  resolved "https://registry.yarnpkg.com/@lmdb/lmdb-win32-x64/-/lmdb-win32-x64-2.8.5.tgz#8233e8762440b0f4632c47a09b1b6f23de8b934c"
  integrity sha512-4wvrf5BgnR8RpogHhtpCPJMKBmvyZPhhUtEwMJbXh0ni2BucpfF07jlmyM11zRqQ2XIq6PbC2j7W7UCCcm1rRQ==

"@mischnic/json-sourcemap@^0.1.0":
  version "0.1.0"
  resolved "https://registry.yarnpkg.com/@mischnic/json-sourcemap/-/json-sourcemap-0.1.0.tgz#38af657be4108140a548638267d02a2ea3336507"
  integrity sha512-dQb3QnfNqmQNYA4nFSN/uLaByIic58gOXq4Y4XqLOWmOrw73KmJPt/HLyG0wvn1bnR6mBKs/Uwvkh+Hns1T0XA==
  dependencies:
    "@lezer/common" "^0.15.7"
    "@lezer/lr" "^0.15.4"
    json5 "^2.2.1"

"@msgpackr-extract/msgpackr-extract-darwin-arm64@3.0.2":
  version "3.0.2"
  resolved "https://registry.yarnpkg.com/@msgpackr-extract/msgpackr-extract-darwin-arm64/-/msgpackr-extract-darwin-arm64-3.0.2.tgz#44d752c1a2dc113f15f781b7cc4f53a307e3fa38"
  integrity sha512-9bfjwDxIDWmmOKusUcqdS4Rw+SETlp9Dy39Xui9BEGEk19dDwH0jhipwFzEff/pFg95NKymc6TOTbRKcWeRqyQ==

"@msgpackr-extract/msgpackr-extract-darwin-x64@3.0.2":
  version "3.0.2"
  resolved "https://registry.yarnpkg.com/@msgpackr-extract/msgpackr-extract-darwin-x64/-/msgpackr-extract-darwin-x64-3.0.2.tgz#f954f34355712212a8e06c465bc06c40852c6bb3"
  integrity sha512-lwriRAHm1Yg4iDf23Oxm9n/t5Zpw1lVnxYU3HnJPTi2lJRkKTrps1KVgvL6m7WvmhYVt/FIsssWay+k45QHeuw==

"@msgpackr-extract/msgpackr-extract-linux-arm64@3.0.2":
  version "3.0.2"
  resolved "https://registry.yarnpkg.com/@msgpackr-extract/msgpackr-extract-linux-arm64/-/msgpackr-extract-linux-arm64-3.0.2.tgz#45c63037f045c2b15c44f80f0393fa24f9655367"
  integrity sha512-FU20Bo66/f7He9Fp9sP2zaJ1Q8L9uLPZQDub/WlUip78JlPeMbVL8546HbZfcW9LNciEXc8d+tThSJjSC+tmsg==

"@msgpackr-extract/msgpackr-extract-linux-arm@3.0.2":
  version "3.0.2"
  resolved "https://registry.yarnpkg.com/@msgpackr-extract/msgpackr-extract-linux-arm/-/msgpackr-extract-linux-arm-3.0.2.tgz#35707efeafe6d22b3f373caf9e8775e8920d1399"
  integrity sha512-MOI9Dlfrpi2Cuc7i5dXdxPbFIgbDBGgKR5F2yWEa6FVEtSWncfVNKW5AKjImAQ6CZlBK9tympdsZJ2xThBiWWA==

"@msgpackr-extract/msgpackr-extract-linux-x64@3.0.2":
  version "3.0.2"
  resolved "https://registry.yarnpkg.com/@msgpackr-extract/msgpackr-extract-linux-x64/-/msgpackr-extract-linux-x64-3.0.2.tgz#091b1218b66c341f532611477ef89e83f25fae4f"
  integrity sha512-gsWNDCklNy7Ajk0vBBf9jEx04RUxuDQfBse918Ww+Qb9HCPoGzS+XJTLe96iN3BVK7grnLiYghP/M4L8VsaHeA==

"@msgpackr-extract/msgpackr-extract-win32-x64@3.0.2":
  version "3.0.2"
  resolved "https://registry.yarnpkg.com/@msgpackr-extract/msgpackr-extract-win32-x64/-/msgpackr-extract-win32-x64-3.0.2.tgz#0f164b726869f71da3c594171df5ebc1c4b0a407"
  integrity sha512-O+6Gs8UeDbyFpbSh2CPEz/UOrrdWPTBYNblZK5CxxLisYt4kGX3Sc+czffFonyjiGSq3jWLwJS/CCJc7tBr4sQ==

"@parcel/cache@2.10.0":
  version "2.10.0"
  resolved "https://registry.yarnpkg.com/@parcel/cache/-/cache-2.10.0.tgz#c2f2b6fb1933c6fb3c763774da4bd0ea04ec9de0"
  integrity sha512-4FzZpMTAAEFE65+O+Cf7f5kLLWRCiA+04IJdDYyQG5YzW1WujKXzrbh8B6tSSlw712dsQ/cUqNW4O0Q3FFKrfw==
  dependencies:
    "@parcel/fs" "2.10.0"
    "@parcel/logger" "2.10.0"
    "@parcel/utils" "2.10.0"
    lmdb "2.8.5"

"@parcel/codeframe@2.10.0":
  version "2.10.0"
  resolved "https://registry.yarnpkg.com/@parcel/codeframe/-/codeframe-2.10.0.tgz#03854005a55fb84fa975bc6c335cdc5f61c0519d"
  integrity sha512-hHp457tddXEWrOgHHaA/NtkOhOAyt4mpBUzhnPbWDONLu5xeg1mu1Jffiu2rlw5xajhphrUFDWyJW0/xq1815g==
  dependencies:
    chalk "^4.1.0"

"@parcel/diagnostic@2.10.0":
  version "2.10.0"
  resolved "https://registry.yarnpkg.com/@parcel/diagnostic/-/diagnostic-2.10.0.tgz#3407c2d8ffbc7e543e7e292493400ed47c8b8faf"
  integrity sha512-ibr+sUZLc0MW75b+nThOa6YEi9QXTNYbUNCo067mtMIfhKNYTx24DaiGzDWgy1Yv49eucBaQ4u7gFI2Qa98uIA==
  dependencies:
    "@mischnic/json-sourcemap" "^0.1.0"
    nullthrows "^1.1.1"

"@parcel/events@2.10.0":
  version "2.10.0"
  resolved "https://registry.yarnpkg.com/@parcel/events/-/events-2.10.0.tgz#4a2c693c7154b4b6a8913d25ed9f9684b10c324b"
  integrity sha512-mhykJBnP3BPMI6A9hLZmTtmNHZuE+HGzsF6vzmA2YBuU3/BGlQUmxdObsmwQ1O24eq0EfJVwTM+R/bdu+/nFrA==

"@parcel/fs@2.10.0":
  version "2.10.0"
  resolved "https://registry.yarnpkg.com/@parcel/fs/-/fs-2.10.0.tgz#f1884249e090f40a623784870da82f5d1008c165"
  integrity sha512-so39KdZ4o7tDekeuuQfQdbfTUvldUtzvIsuUtJMqxVOVJRZr9VjieR9GbeFhqRmi9fM5oYdzQn4lbduKdAtANA==
  dependencies:
    "@parcel/rust" "2.10.0"
    "@parcel/types" "2.10.0"
    "@parcel/utils" "2.10.0"
    "@parcel/watcher" "^2.0.7"
    "@parcel/workers" "2.10.0"

"@parcel/logger@2.10.0":
  version "2.10.0"
  resolved "https://registry.yarnpkg.com/@parcel/logger/-/logger-2.10.0.tgz#79fd4bf8b272294dfd0c67323fc7a8cff238685b"
  integrity sha512-rDa48czGBZA313scvSEkuHSOQiGdoYLaWqInZBKtl0zke3qrgTFNG4b173H6IFdNq5KmKjafBxaV5jG87i4Gww==
  dependencies:
    "@parcel/diagnostic" "2.10.0"
    "@parcel/events" "2.10.0"

"@parcel/markdown-ansi@2.10.0":
  version "2.10.0"
  resolved "https://registry.yarnpkg.com/@parcel/markdown-ansi/-/markdown-ansi-2.10.0.tgz#fb65d8cdcc21251c7f1e39724948278d1127c406"
  integrity sha512-fuOuFglNANegE2nqVURwOJ/HzKM28O0hqy120Gl0NTbCAFbG34WCFxfkmVio8fondD4NcZcDj5GGv5P5TWcTIg==
  dependencies:
    chalk "^4.1.0"

"@parcel/node-resolver-core@3.1.0":
  version "3.1.0"
  resolved "https://registry.yarnpkg.com/@parcel/node-resolver-core/-/node-resolver-core-3.1.0.tgz#28e83952a8bf39c4529b06bfb59d92cc0a3c2b2f"
  integrity sha512-0KBdWIXCpnDzjoZgc1qHhgxtNe5CZ4r4+Iht+LExacXwG1A1O5qKLQE1bBAgcjqkgv1iglVuMx0kVe9G8oob8A==
  dependencies:
    "@mischnic/json-sourcemap" "^0.1.0"
    "@parcel/diagnostic" "2.10.0"
    "@parcel/fs" "2.10.0"
    "@parcel/rust" "2.10.0"
    "@parcel/utils" "2.10.0"
    nullthrows "^1.1.1"
    semver "^7.5.2"

"@parcel/package-manager@2.10.0":
  version "2.10.0"
  resolved "https://registry.yarnpkg.com/@parcel/package-manager/-/package-manager-2.10.0.tgz#be4170f832ab61dd3963de483c951baac0a8033f"
  integrity sha512-BBUhwgX2Rz92SqGCyYp5Du4UEzm/bjrSSoeLtuRRevWKTVXhgHGbqcAlZmICoxb1lZGpn8x+pEivWd3w+5M7iA==
  dependencies:
    "@parcel/diagnostic" "2.10.0"
    "@parcel/fs" "2.10.0"
    "@parcel/logger" "2.10.0"
    "@parcel/node-resolver-core" "3.1.0"
    "@parcel/types" "2.10.0"
    "@parcel/utils" "2.10.0"
    "@parcel/workers" "2.10.0"
    semver "^7.5.2"

"@parcel/plugin@2.10.0":
  version "2.10.0"
  resolved "https://registry.yarnpkg.com/@parcel/plugin/-/plugin-2.10.0.tgz#03a963f713fa76d76469955e3a693e7c3b607138"
  integrity sha512-FaWchkYJxLOohNNb3ah9R/9gckew+iGOzcGZ1bUtLGc/Dwz1mTVeaAanqOjlZ6C5FCe9lMctkH7h0eQsJ0mlVQ==
  dependencies:
    "@parcel/types" "2.10.0"

"@parcel/profiler@2.10.0":
  version "2.10.0"
  resolved "https://registry.yarnpkg.com/@parcel/profiler/-/profiler-2.10.0.tgz#839084002fa4323e71f65de604f7863e43a59524"
  integrity sha512-SGkslseYA5TQOb8Z7gepi7YiIv3uH4BYAM9nwduMZrRZENcICbgTh1Pb+dp10y+6k9hFFH748eHtxJqSWARDBw==
  dependencies:
    "@parcel/diagnostic" "2.10.0"
    "@parcel/events" "2.10.0"
    chrome-trace-event "^1.0.2"

"@parcel/rust@2.10.0":
  version "2.10.0"
  resolved "https://registry.yarnpkg.com/@parcel/rust/-/rust-2.10.0.tgz#fc930715a3200bb05a58007fc11cb29f444382c9"
  integrity sha512-9J7riqPI8mVlFSDphK9kVUH8nFQgeMbO/95Ycf4vaEOVE1ICQo1h18WHAy2DndmL1uSd/UTimirrP6yLt/I3KA==

"@parcel/source-map@^2.1.1":
  version "2.1.1"
  resolved "https://registry.yarnpkg.com/@parcel/source-map/-/source-map-2.1.1.tgz#fb193b82dba6dd62cc7a76b326f57bb35000a782"
  integrity sha512-Ejx1P/mj+kMjQb8/y5XxDUn4reGdr+WyKYloBljpppUy8gs42T+BNoEOuRYqDVdgPc6NxduzIDoJS9pOFfV5Ew==
  dependencies:
    detect-libc "^1.0.3"

"@parcel/types@2.10.0":
  version "2.10.0"
  resolved "https://registry.yarnpkg.com/@parcel/types/-/types-2.10.0.tgz#033f35dccb95c940847a8fb5f525a0494d07106b"
  integrity sha512-iDFVvgN+jK02GY++V+WY3WuNTM6CGDPToGfL31/Sgf6/1PzT7kL6uXJ6+859u8wkTIrtkWD2XyTNkKJJ8jPwgg==
  dependencies:
    "@parcel/cache" "2.10.0"
    "@parcel/diagnostic" "2.10.0"
    "@parcel/fs" "2.10.0"
    "@parcel/package-manager" "2.10.0"
    "@parcel/source-map" "^2.1.1"
    "@parcel/workers" "2.10.0"
    utility-types "^3.10.0"

"@parcel/utils@2.10.0":
  version "2.10.0"
  resolved "https://registry.yarnpkg.com/@parcel/utils/-/utils-2.10.0.tgz#5764e53200cefb8fc1055638e49d746c40fba5ef"
  integrity sha512-8qx9caJTjli6UKpKlcPjdSBblkwTc+BnIsSK3/7fX7kbtHLmEkQH/RWZbbOJItHbnzlsmaDJTfS7j6rrcFw2Pw==
  dependencies:
    "@parcel/codeframe" "2.10.0"
    "@parcel/diagnostic" "2.10.0"
    "@parcel/logger" "2.10.0"
    "@parcel/markdown-ansi" "2.10.0"
    "@parcel/rust" "2.10.0"
    "@parcel/source-map" "^2.1.1"
    chalk "^4.1.0"
    nullthrows "^1.1.1"

"@parcel/watcher@^2.0.7":
  version "2.0.7"
  resolved "https://registry.yarnpkg.com/@parcel/watcher/-/watcher-2.0.7.tgz#c95fe1370e8c6237cb9729c9c075264acc7e21a5"
  integrity sha512-gc3hoS6e+2XdIQ4HHljDB1l0Yx2EWh/sBBtCEFNKGSMlwASWeAQsOY/fPbxOBcZ/pg0jBh4Ga+4xHlZc4faAEQ==
  dependencies:
    node-addon-api "^3.2.1"
    node-gyp-build "^4.3.0"

"@parcel/workers@2.10.0":
  version "2.10.0"
  resolved "https://registry.yarnpkg.com/@parcel/workers/-/workers-2.10.0.tgz#90fdbe37e3522d11b56d38ef50611f1547c31e94"
  integrity sha512-PILDag4aW7G9w2AvYvBsMHe/NRCoOt+L7HJzp6UIvy6ssbafH/8fzdGjSpA99GXzC5AXpAHVt8RXhGMXmMP6QA==
  dependencies:
    "@parcel/diagnostic" "2.10.0"
    "@parcel/logger" "2.10.0"
    "@parcel/profiler" "2.10.0"
    "@parcel/types" "2.10.0"
    "@parcel/utils" "2.10.0"
    nullthrows "^1.1.1"

abab@^2.0.6:
  version "2.0.6"
  resolved "https://registry.yarnpkg.com/abab/-/abab-2.0.6.tgz#41b80f2c871d19686216b82309231cfd3cb3d291"
  integrity sha512-j2afSsaIENvHZN2B8GOpF566vZ5WVk5opAiMTvWgaQT8DkbOqsTfvNAvHoRGU2zzP8cPoqys+xHTRDWW8L+/BA==

ansi-styles@^4.1.0:
  version "4.3.0"
  resolved "https://registry.yarnpkg.com/ansi-styles/-/ansi-styles-4.3.0.tgz#edd803628ae71c04c85ae7a0906edad34b648937"
  integrity sha512-zbB9rCJAT1rbjiVDb2hqKFHNYLxgtk8NURxZ3IZwD3F6NtxbXZQCnnSi1Lkx+IDohdPlFp222wVALIheZJQSEg==
  dependencies:
    color-convert "^2.0.1"

chalk@^4.1.0:
  version "4.1.2"
  resolved "https://registry.yarnpkg.com/chalk/-/chalk-4.1.2.tgz#aac4e2b7734a740867aeb16bf02aad556a1e7a01"
  integrity sha512-oKnbhFyRIXpUuez8iBMmyEa4nbj4IOQyuhc/wy9kY7/WVPcwIO9VA668Pu8RkO7+0G76SLROeyw9CpQ061i4mA==
  dependencies:
    ansi-styles "^4.1.0"
    supports-color "^7.1.0"

chrome-trace-event@^1.0.2:
  version "1.0.3"
  resolved "https://registry.yarnpkg.com/chrome-trace-event/-/chrome-trace-event-1.0.3.tgz#1015eced4741e15d06664a957dbbf50d041e26ac"
  integrity sha512-p3KULyQg4S7NIHixdwbGX+nFHkoBiA4YQmyWtjb8XngSKV124nJmRysgAeujbUVb15vh+RvFUfCPqU7rXk+hZg==

color-convert@^2.0.1:
  version "2.0.1"
  resolved "https://registry.yarnpkg.com/color-convert/-/color-convert-2.0.1.tgz#72d3a68d598c9bdb3af2ad1e84f21d896abd4de3"
  integrity sha512-RRECPsj7iu/xb5oKYcsFHSppFNnsj/52OVTRKb4zP5onXwVF3zVmmToNcOfGC+CRDpfK/U584fMg38ZHCaElKQ==
  dependencies:
    color-name "~1.1.4"

color-name@~1.1.4:
  version "1.1.4"
  resolved "https://registry.yarnpkg.com/color-name/-/color-name-1.1.4.tgz#c2a09a87acbde69543de6f63fa3995c826c536a2"
  integrity sha512-dOy+3AuW3a2wNbZHIuMZpTcgjGuLU/uBL/ubcZF9OXbDo8ff4O8yVp5Bf0efS8uEoYo5q4Fx7dY9OgQGXgAsQA==

data-urls@4.0.0:
  version "4.0.0"
  resolved "https://registry.yarnpkg.com/data-urls/-/data-urls-4.0.0.tgz#333a454eca6f9a5b7b0f1013ff89074c3f522dd4"
  integrity sha512-/mMTei/JXPqvFqQtfyTowxmJVwr2PVAeCcDxyFf6LhoOu/09TX2OX3kb2wzi4DMXcfj4OItwDOnhl5oziPnT6g==
  dependencies:
    abab "^2.0.6"
    whatwg-mimetype "^3.0.0"
    whatwg-url "^12.0.0"

detect-libc@^1.0.3:
  version "1.0.3"
  resolved "https://registry.yarnpkg.com/detect-libc/-/detect-libc-1.0.3.tgz#fa137c4bd698edf55cd5cd02ac559f91a4c4ba9b"
  integrity sha512-pGjwhsmsp4kL2RTz08wcOlGN83otlqHeD/Z5T8GXZB+/YcpQ/dgo+lbU8ZsGxV0HIvqqxo9l7mqYwyYMD9bKDg==

detect-libc@^2.0.1:
  version "2.0.2"
  resolved "https://registry.yarnpkg.com/detect-libc/-/detect-libc-2.0.2.tgz#8ccf2ba9315350e1241b88d0ac3b0e1fbd99605d"
  integrity sha512-UX6sGumvvqSaXgdKGUsgZWqcUyIXZ/vZTrlRT/iobiKhGL0zL4d3osHj3uqllWJK+i+sixDS/3COVEOFbupFyw==

has-flag@^4.0.0:
  version "4.0.0"
  resolved "https://registry.yarnpkg.com/has-flag/-/has-flag-4.0.0.tgz#944771fd9c81c81265c4d6941860da06bb59479b"
  integrity sha512-EykJT/Q1KjTWctppgIAgfSO0tKVuZUjhgMr17kqTumMl6Afv3EISleU7qZUzoXDFTAHTDC4NOoG/ZxU3EvlMPQ==

json5@^2.2.1:
  version "2.2.1"
  resolved "https://registry.yarnpkg.com/json5/-/json5-2.2.1.tgz#655d50ed1e6f95ad1a3caababd2b0efda10b395c"
  integrity sha512-1hqLFMSrGHRHxav9q9gNjJ5EXznIxGVO09xQRrwplcS8qs28pZ8s8hupZAmqDwZUmVZ2Qb2jnyPOWcDH8m8dlA==

lmdb@2.8.5:
  version "2.8.5"
  resolved "https://registry.yarnpkg.com/lmdb/-/lmdb-2.8.5.tgz#ce191110c755c0951caa062722e300c703973837"
  integrity sha512-9bMdFfc80S+vSldBmG3HOuLVHnxRdNTlpzR6QDnzqCQtCzGUEAGTzBKYMeIM+I/sU4oZfgbcbS7X7F65/z/oxQ==
  dependencies:
    msgpackr "^1.9.5"
    node-addon-api "^6.1.0"
    node-gyp-build-optional-packages "5.1.1"
    ordered-binary "^1.4.1"
    weak-lru-cache "^1.2.2"
  optionalDependencies:
    "@lmdb/lmdb-darwin-arm64" "2.8.5"
    "@lmdb/lmdb-darwin-x64" "2.8.5"
    "@lmdb/lmdb-linux-arm" "2.8.5"
    "@lmdb/lmdb-linux-arm64" "2.8.5"
    "@lmdb/lmdb-linux-x64" "2.8.5"
    "@lmdb/lmdb-win32-x64" "2.8.5"

lru-cache@^6.0.0:
  version "6.0.0"
  resolved "https://registry.yarnpkg.com/lru-cache/-/lru-cache-6.0.0.tgz#6d6fe6570ebd96aaf90fcad1dafa3b2566db3a94"
  integrity sha512-Jo6dJ04CmSjuznwJSS3pUeWmd/H0ffTlkXXgwZi+eq1UCmqQwCh+eLsYOYCwY991i2Fah4h1BEMCx4qThGbsiA==
  dependencies:
    yallist "^4.0.0"

msgpackr-extract@^3.0.2:
  version "3.0.2"
  resolved "https://registry.yarnpkg.com/msgpackr-extract/-/msgpackr-extract-3.0.2.tgz#e05ec1bb4453ddf020551bcd5daaf0092a2c279d"
  integrity sha512-SdzXp4kD/Qf8agZ9+iTu6eql0m3kWm1A2y1hkpTeVNENutaB0BwHlSvAIaMxwntmRUAUjon2V4L8Z/njd0Ct8A==
  dependencies:
    node-gyp-build-optional-packages "5.0.7"
  optionalDependencies:
    "@msgpackr-extract/msgpackr-extract-darwin-arm64" "3.0.2"
    "@msgpackr-extract/msgpackr-extract-darwin-x64" "3.0.2"
    "@msgpackr-extract/msgpackr-extract-linux-arm" "3.0.2"
    "@msgpackr-extract/msgpackr-extract-linux-arm64" "3.0.2"
    "@msgpackr-extract/msgpackr-extract-linux-x64" "3.0.2"
    "@msgpackr-extract/msgpackr-extract-win32-x64" "3.0.2"

msgpackr@^1.9.5:
  version "1.9.9"
  resolved "https://registry.yarnpkg.com/msgpackr/-/msgpackr-1.9.9.tgz#ec71e37beb8729280847f683cb0a340eb35ce70f"
  integrity sha512-sbn6mioS2w0lq1O6PpGtsv6Gy8roWM+o3o4Sqjd6DudrL/nOugY+KyJUimoWzHnf9OkO0T6broHFnYE/R05t9A==
  optionalDependencies:
    msgpackr-extract "^3.0.2"

node-addon-api@^3.2.1:
  version "3.2.1"
  resolved "https://registry.yarnpkg.com/node-addon-api/-/node-addon-api-3.2.1.tgz#81325e0a2117789c0128dab65e7e38f07ceba161"
  integrity sha512-mmcei9JghVNDYydghQmeDX8KoAm0FAiYyIcUt/N4nhyAipB17pllZQDOJD2fotxABnt4Mdz+dKTO7eftLg4d0A==

node-addon-api@^6.1.0:
  version "6.1.0"
  resolved "https://registry.yarnpkg.com/node-addon-api/-/node-addon-api-6.1.0.tgz#ac8470034e58e67d0c6f1204a18ae6995d9c0d76"
  integrity sha512-+eawOlIgy680F0kBzPUNFhMZGtJ1YmqM6l4+Crf4IkImjYrO/mqPwRMh352g23uIaQKFItcQ64I7KMaJxHgAVA==

node-gyp-build-optional-packages@5.0.7:
  version "5.0.7"
  resolved "https://registry.yarnpkg.com/node-gyp-build-optional-packages/-/node-gyp-build-optional-packages-5.0.7.tgz#5d2632bbde0ab2f6e22f1bbac2199b07244ae0b3"
  integrity sha512-YlCCc6Wffkx0kHkmam79GKvDQ6x+QZkMjFGrIMxgFNILFvGSbCp2fCBC55pGTT9gVaz8Na5CLmxt/urtzRv36w==

node-gyp-build-optional-packages@5.1.1:
  version "5.1.1"
  resolved "https://registry.yarnpkg.com/node-gyp-build-optional-packages/-/node-gyp-build-optional-packages-5.1.1.tgz#52b143b9dd77b7669073cbfe39e3f4118bfc603c"
  integrity sha512-+P72GAjVAbTxjjwUmwjVrqrdZROD4nf8KgpBoDxqXXTiYZZt/ud60dE5yvCSr9lRO8e8yv6kgJIC0K0PfZFVQw==
  dependencies:
    detect-libc "^2.0.1"

node-gyp-build@^4.3.0:
  version "4.5.0"
  resolved "https://registry.yarnpkg.com/node-gyp-build/-/node-gyp-build-4.5.0.tgz#7a64eefa0b21112f89f58379da128ac177f20e40"
  integrity sha512-2iGbaQBV+ITgCz76ZEjmhUKAKVf7xfY1sRl4UiKQspfZMH2h06SyhNsnSVy50cwkFQDGLyif6m/6uFXHkOZ6rg==

nullthrows@^1.1.1:
  version "1.1.1"
  resolved "https://registry.yarnpkg.com/nullthrows/-/nullthrows-1.1.1.tgz#7818258843856ae971eae4208ad7d7eb19a431b1"
  integrity sha512-2vPPEi+Z7WqML2jZYddDIfy5Dqb0r2fze2zTxNNknZaFpVHU3mFB3R+DWeJWGVx0ecvttSGlJTI+WG+8Z4cDWw==

ordered-binary@^1.4.1:
  version "1.4.1"
  resolved "https://registry.yarnpkg.com/ordered-binary/-/ordered-binary-1.4.1.tgz#205cb6efd6c27fa0ef4eced994a023e081cdc911"
  integrity sha512-9LtiGlPy982CsgxZvJGNNp2/NnrgEr6EAyN3iIEP3/8vd3YLgAZQHbQ75ZrkfBRGrNg37Dk3U6tuVb+B4Xfslg==

punycode@^2.1.1:
  version "2.1.1"
  resolved "https://registry.yarnpkg.com/punycode/-/punycode-2.1.1.tgz#b58b010ac40c22c5657616c8d2c2c02c7bf479ec"
  integrity sha512-XRsRjdf+j5ml+y/6GKHPZbrF/8p2Yga0JPtdqTIY2Xe5ohJPD9saDJJLPvp9+NSBprVvevdXZybnj2cv8OEd0A==

semver@^7.5.2:
  version "7.5.3"
  resolved "https://registry.yarnpkg.com/semver/-/semver-7.5.3.tgz#161ce8c2c6b4b3bdca6caadc9fa3317a4c4fe88e"
  integrity sha512-QBlUtyVk/5EeHbi7X0fw6liDZc7BBmEaSYn01fMU1OUYbf6GPsbTtd8WmnqbI20SeycoHSeiybkE/q1Q+qlThQ==
  dependencies:
    lru-cache "^6.0.0"

supports-color@^7.1.0:
  version "7.2.0"
  resolved "https://registry.yarnpkg.com/supports-color/-/supports-color-7.2.0.tgz#1b7dcdcb32b8138801b3e478ba6a51caa89648da"
  integrity sha512-qpCAvRl9stuOHveKsn7HncJRvv501qIacKzQlO/+Lwxc9+0q2wLyv4Dfvt80/DPn2pqOBsJdDiogXGR9+OvwRw==
  dependencies:
    has-flag "^4.0.0"

tr46@^3.0.0:
  version "3.0.0"
  resolved "https://registry.yarnpkg.com/tr46/-/tr46-3.0.0.tgz#555c4e297a950617e8eeddef633c87d4d9d6cbf9"
  integrity sha512-l7FvfAHlcmulp8kr+flpQZmVwtu7nfRV7NZujtN0OqES8EL4O4e0qqzL0DC5gAvx/ZC/9lk6rhcUwYvkBnBnYA==
  dependencies:
    punycode "^2.1.1"

utility-types@^3.10.0:
  version "3.10.0"
  resolved "https://registry.yarnpkg.com/utility-types/-/utility-types-3.10.0.tgz#ea4148f9a741015f05ed74fd615e1d20e6bed82b"
  integrity sha512-O11mqxmi7wMKCo6HKFt5AhO4BwY3VV68YU07tgxfz8zJTIxr4BpsezN49Ffwy9j3ZpwwJp4fkRwjRzq3uWE6Rg==

weak-lru-cache@^1.2.2:
  version "1.2.2"
  resolved "https://registry.yarnpkg.com/weak-lru-cache/-/weak-lru-cache-1.2.2.tgz#fdbb6741f36bae9540d12f480ce8254060dccd19"
  integrity sha512-DEAoo25RfSYMuTGc9vPJzZcZullwIqRDSI9LOy+fkCJPi6hykCnfKaXTuPBDuXAUcqHXyOgFtHNp/kB2FjYHbw==

webidl-conversions@^7.0.0:
  version "7.0.0"
  resolved "https://registry.yarnpkg.com/webidl-conversions/-/webidl-conversions-7.0.0.tgz#256b4e1882be7debbf01d05f0aa2039778ea080a"
  integrity sha512-VwddBukDzu71offAQR975unBIGqfKZpM+8ZX6ySk8nYhVoo5CYaZyzt3YBvYtRtO+aoGlqxPg/B87NGVZ/fu6g==

whatwg-mimetype@^3.0.0:
  version "3.0.0"
  resolved "https://registry.yarnpkg.com/whatwg-mimetype/-/whatwg-mimetype-3.0.0.tgz#5fa1a7623867ff1af6ca3dc72ad6b8a4208beba7"
  integrity sha512-nt+N2dzIutVRxARx1nghPKGv1xHikU7HKdfafKkLNLindmPU/ch3U31NOCGGA/dmPcmb1VlofO0vnKAcsm0o/Q==

whatwg-url@^12.0.0:
  version "12.0.0"
  resolved "https://registry.yarnpkg.com/whatwg-url/-/whatwg-url-12.0.0.tgz#cf5798db0f8036de3fffabbcf92180d313811710"
  integrity sha512-N2SCrbcSPw0gDyNqE+y5qH1gqiOe+HagWfgRJy2SmDO3C23mISmJhQ3zvZljBv2DWfBdLXypAtecWYZ+mg1krQ==
  dependencies:
    tr46 "^3.0.0"
    webidl-conversions "^7.0.0"

yallist@^4.0.0:
  version "4.0.0"
  resolved "https://registry.yarnpkg.com/yallist/-/yallist-4.0.0.tgz#9bb92790d9c0effec63be73519e11a35019a3a72"
  integrity sha512-3wdGidZyq5PB084XLES5TpOSRA3wjXAlIWMhum2kRcv/41Sn2emQ0dycQW4uZXLejwKvg6EsvbdlVL+FYEct7A==
